{
  "name": "weiee-portfolio",
  "version": "0.1.0",
  "lockfileVersion": 3,
  "requires": true,
  "packages": {
    "": {
      "name": "weiee-portfolio",
      "version": "0.1.0",
      "dependencies": {
        "cuelume": "^0.2.2"
      }
    },
    "node_modules/cuelume": {
      "version": "0.2.2",
      "resolved": "https://registry.npmjs.org/cuelume/-/cuelume-0.2.2.tgz",
      "integrity": "sha512-TiNzJRjhddjC4jy4M7sv63V/86VaFhdIs6iHUCrc4CKhqypaxRBv1aedCBGebrz/cO7nroPkEfqHe/P7fOE2GQ==",
      "license": "MIT"
    }
  }
}
